// !$*UTF8*$!
{
	archiveVersion = 1;
	classes = {
	};
	objectVersion = 46;
	objects = {

/* Begin PBXBuildFile section */
		AF10243C19AF1076006EBE11 /* ScrollTestViewController.m in Sources */ = {isa = PBXBuildFile; fileRef = AF10243B19AF1076006EBE11 /* ScrollTestViewController.m */; };
		AF10243F19AF1906006EBE11 /* CustomHeadViewController.m in Sources */ = {isa = PBXBuildFile; fileRef = AF10243E19AF1906006EBE11 /* CustomHeadViewController.m */; };
		AF37E90319ADC5C0000C6432 /* Foundation.framework in Frameworks */ = {isa = PBXBuildFile; fileRef = AF37E90219ADC5C0000C6432 /* Foundation.framework */; };
		AF37E90519ADC5C0000C6432 /* CoreGraphics.framework in Frameworks */ = {isa = PBXBuildFile; fileRef = AF37E90419ADC5C0000C6432 /* CoreGraphics.framework */; };
		AF37E90719ADC5C0000C6432 /* UIKit.framework in Frameworks */ = {isa = PBXBuildFile; fileRef = AF37E90619ADC5C0000C6432 /* UIKit.framework */; };
		AF37E90D19ADC5C0000C6432 /* InfoPlist.strings in Resources */ = {isa = PBXBuildFile; fileRef = AF37E90B19ADC5C0000C6432 /* InfoPlist.strings */; };
		AF37E90F19ADC5C0000C6432 /* main.m in Sources */ = {isa = PBXBuildFile; fileRef = AF37E90E19ADC5C0000C6432 /* main.m */; };
		AF37E91319ADC5C0000C6432 /* AppDelegate.m in Sources */ = {isa = PBXBuildFile; fileRef = AF37E91219ADC5C0000C6432 /* AppDelegate.m */; };
		AF37E91619ADC5C0000C6432 /* Main.storyboard in Resources */ = {isa = PBXBuildFile; fileRef = AF37E91419ADC5C0000C6432 /* Main.storyboard */; };
		AF37E91919ADC5C0000C6432 /* ViewController.m in Sources */ = {isa = PBXBuildFile; fileRef = AF37E91819ADC5C0000C6432 /* ViewController.m */; };
		AF37E91B19ADC5C0000C6432 /* Images.xcassets in Resources */ = {isa = PBXBuildFile; fileRef = AF37E91A19ADC5C0000C6432 /* Images.xcassets */; };
		AF37E92219ADC5C0000C6432 /* XCTest.framework in Frameworks */ = {isa = PBXBuildFile; fileRef = AF37E92119ADC5C0000C6432 /* XCTest.framework */; };
		AF37E92319ADC5C0000C6432 /* Foundation.framework in Frameworks */ = {isa = PBXBuildFile; fileRef = AF37E90219ADC5C0000C6432 /* Foundation.framework */; };
		AF37E92419ADC5C0000C6432 /* UIKit.framework in Frameworks */ = {isa = PBXBuildFile; fileRef = AF37E90619ADC5C0000C6432 /* UIKit.framework */; };
		AF37E92C19ADC5C0000C6432 /* InfoPlist.strings in Resources */ = {isa = PBXBuildFile; fileRef = AF37E92A19ADC5C0000C6432 /* InfoPlist.strings */; };
		AF37E92E19ADC5C0000C6432 /* CExpandHeaderViewExampleTests.m in Sources */ = {isa = PBXBuildFile; fileRef = AF37E92D19ADC5C0000C6432 /* CExpandHeaderViewExampleTests.m */; };
		AF37E93A19ADC61B000C6432 /* CExpandHeader.m in Sources */ = {isa = PBXBuildFile; fileRef = AF37E93919ADC61B000C6432 /* CExpandHeader.m */; };
		AF7DC65819ADE19F005C8B7B /* image.png in Resources */ = {isa = PBXBuildFile; fileRef = AF7DC65719ADE19F005C8B7B /* image.png */; };
/* End PBXBuildFile section */

/* Begin PBXContainerItemProxy section */
		AF37E92519ADC5C0000C6432 /* PBXContainerItemProxy */ = {
			isa = PBXContainerItemProxy;
			containerPortal = AF37E8F719ADC5C0000C6432 /* Project object */;
			proxyType = 1;
			remoteGlobalIDString = AF37E8FE19ADC5C0000C6432;
			remoteInfo = CExpandHeaderViewExample;
		};
/* End PBXContainerItemProxy section */

/* Begin PBXFileReference section */
		AF10243A19AF1075006EBE11 /* ScrollTestViewController.h */ = {isa = PBXFileReference; fileEncoding = 4; lastKnownFileType = sourcecode.c.h; path = ScrollTestViewController.h; sourceTree = "<group>"; };
		AF10243B19AF1076006EBE11 /* ScrollTestViewController.m */ = {isa = PBXFileReference; fileEncoding = 4; lastKnownFileType = sourcecode.c.objc; path = ScrollTestViewController.m; sourceTree = "<group>"; };
		AF10243D19AF1906006EBE11 /* CustomHeadViewController.h */ = {isa = PBXFileReference; fileEncoding = 4; lastKnownFileType = sourcecode.c.h; path = CustomHeadViewController.h; sourceTree = "<group>"; };
		AF10243E19AF1906006EBE11 /* CustomHeadViewController.m */ = {isa = PBXFileReference; fileEncoding = 4; lastKnownFileType = sourcecode.c.objc; path = CustomHeadViewController.m; sourceTree = "<group>"; };
		AF37E8FF19ADC5C0000C6432 /* CExpandHeaderViewExample.app */ = {isa = PBXFileReference; explicitFileType = wrapper.application; includeInIndex = 0; path = CExpandHeaderViewExample.app; sourceTree = BUILT_PRODUCTS_DIR; };
		AF37E90219ADC5C0000C6432 /* Foundation.framework */ = {isa = PBXFileReference; lastKnownFileType = wrapper.framework; name = Foundation.framework; path = System/Library/Frameworks/Foundation.framework; sourceTree = SDKROOT; };
		AF37E90419ADC5C0000C6432 /* CoreGraphics.framework */ = {isa = PBXFileReference; lastKnownFileType = wrapper.framework; name = CoreGraphics.framework; path = System/Library/Frameworks/CoreGraphics.framework; sourceTree = SDKROOT; };
		AF37E90619ADC5C0000C6432 /* UIKit.framework */ = {isa = PBXFileReference; lastKnownFileType = wrapper.framework; name = UIKit.framework; path = System/Library/Frameworks/UIKit.framework; sourceTree = SDKROOT; };
		AF37E90A19ADC5C0000C6432 /* CExpandHeaderViewExample-Info.plist */ = {isa = PBXFileReference; lastKnownFileType = text.plist.xml; path = "CExpandHeaderViewExample-Info.plist"; sourceTree = "<group>"; };
		AF37E90C19ADC5C0000C6432 /* en */ = {isa = PBXFileReference; lastKnownFileType = text.plist.strings; name = en; path = en.lproj/InfoPlist.strings; sourceTree = "<group>"; };
		AF37E90E19ADC5C0000C6432 /* main.m */ = {isa = PBXFileReference; lastKnownFileType = sourcecode.c.objc; path = main.m; sourceTree = "<group>"; };
		AF37E91019ADC5C0000C6432 /* CExpandHeaderViewExample-Prefix.pch */ = {isa = PBXFileReference; lastKnownFileType = sourcecode.c.h; path = "CExpandHeaderViewExample-Prefix.pch"; sourceTree = "<group>"; };
		AF37E91119ADC5C0000C6432 /* AppDelegate.h */ = {isa = PBXFileReference; lastKnownFileType = sourcecode.c.h; path = AppDelegate.h; sourceTree = "<group>"; };
		AF37E91219ADC5C0000C6432 /* AppDelegate.m */ = {isa = PBXFileReference; lastKnownFileType = sourcecode.c.objc; path = AppDelegate.m; sourceTree = "<group>"; };
		AF37E91519ADC5C0000C6432 /* Base */ = {isa = PBXFileReference; lastKnownFileType = file.storyboard; name = Base; path = Base.lproj/Main.storyboard; sourceTree = "<group>"; };
		AF37E91719ADC5C0000C6432 /* ViewController.h */ = {isa = PBXFileReference; lastKnownFileType = sourcecode.c.h; path = ViewController.h; sourceTree = "<group>"; };
		AF37E91819ADC5C0000C6432 /* ViewController.m */ = {isa = PBXFileReference; lastKnownFileType = sourcecode.c.objc; path = ViewController.m; sourceTree = "<group>"; };
		AF37E91A19ADC5C0000C6432 /* Images.xcassets */ = {isa = PBXFileReference; lastKnownFileType = folder.assetcatalog; path = Images.xcassets; sourceTree = "<group>"; };
		AF37E92019ADC5C0000C6432 /* CExpandHeaderViewExampleTests.xctest */ = {isa = PBXFileReference; explicitFileType = wrapper.cfbundle; includeInIndex = 0; path = CExpandHeaderViewExampleTests.xctest; sourceTree = BUILT_PRODUCTS_DIR; };
		AF37E92119ADC5C0000C6432 /* XCTest.framework */ = {isa = PBXFileReference; lastKnownFileType = wrapper.framework; name = XCTest.framework; path = Library/Frameworks/XCTest.framework; sourceTree = DEVELOPER_DIR; };
		AF37E92919ADC5C0000C6432 /* CExpandHeaderViewExampleTests-Info.plist */ = {isa = PBXFileReference; lastKnownFileType = text.plist.xml; path = "CExpandHeaderViewExampleTests-Info.plist"; sourceTree = "<group>"; };
		AF37E92B19ADC5C0000C6432 /* en */ = {isa = PBXFileReference; lastKnownFileType = text.plist.strings; name = en; path = en.lproj/InfoPlist.strings; sourceTree = "<group>"; };
		AF37E92D19ADC5C0000C6432 /* CExpandHeaderViewExampleTests.m */ = {isa = PBXFileReference; lastKnownFileType = sourcecode.c.objc; path = CExpandHeaderViewExampleTests.m; sourceTree = "<group>"; };
		AF37E93819ADC61B000C6432 /* CExpandHeader.h */ = {isa = PBXFileReference; fileEncoding = 4; lastKnownFileType = sourcecode.c.h; path = CExpandHeader.h; sourceTree = "<group>"; };
		AF37E93919ADC61B000C6432 /* CExpandHeader.m */ = {isa = PBXFileReference; fileEncoding = 4; lastKnownFileType = sourcecode.c.objc; path = CExpandHeader.m; sourceTree = "<group>"; };
		AF7DC65719ADE19F005C8B7B /* image.png */ = {isa = PBXFileReference; lastKnownFileType = image.png; path = image.png; sourceTree = "<group>"; };
/* End PBXFileReference section */

/* Begin PBXFrameworksBuildPhase section */
		AF37E8FC19ADC5C0000C6432 /* Frameworks */ = {
			isa = PBXFrameworksBuildPhase;
			buildActionMask = 2147483647;
			files = (
				AF37E90519ADC5C0000C6432 /* CoreGraphics.framework in Frameworks */,
				AF37E90719ADC5C0000C6432 /* UIKit.framework in Frameworks */,
				AF37E90319ADC5C0000C6432 /* Foundation.framework in Frameworks */,
			);
			runOnlyForDeploymentPostprocessing = 0;
		};
		AF37E91D19ADC5C0000C6432 /* Frameworks */ = {
			isa = PBXFrameworksBuildPhase;
			buildActionMask = 2147483647;
			files = (
				AF37E92219ADC5C0000C6432 /* XCTest.framework in Frameworks */,
				AF37E92419ADC5C0000C6432 /* UIKit.framework in Frameworks */,
				AF37E92319ADC5C0000C6432 /* Foundation.framework in Frameworks */,
			);
			runOnlyForDeploymentPostprocessing = 0;
		};
/* End PBXFrameworksBuildPhase section */

/* Begin PBXGroup section */
		AF37E8F619ADC5BF000C6432 = {
			isa = PBXGroup;
			children = (
				AF37E93719ADC5E6000C6432 /* CExpandHeader */,
				AF37E90819ADC5C0000C6432 /* CExpandHeaderViewExample */,
				AF37E92719ADC5C0000C6432 /* CExpandHeaderViewExampleTests */,
				AF37E90119ADC5C0000C6432 /* Frameworks */,
				AF37E90019ADC5C0000C6432 /* Products */,
			);
			sourceTree = "<group>";
		};
		AF37E90019ADC5C0000C6432 /* Products */ = {
			isa = PBXGroup;
			children = (
				AF37E8FF19ADC5C0000C6432 /* CExpandHeaderViewExample.app */,
				AF37E92019ADC5C0000C6432 /* CExpandHeaderViewExampleTests.xctest */,
			);
			name = Products;
			sourceTree = "<group>";
		};
		AF37E90119ADC5C0000C6432 /* Frameworks */ = {
			isa = PBXGroup;
			children = (
				AF37E90219ADC5C0000C6432 /* Foundation.framework */,
				AF37E90419ADC5C0000C6432 /* CoreGraphics.framework */,
				AF37E90619ADC5C0000C6432 /* UIKit.framework */,
				AF37E92119ADC5C0000C6432 /* XCTest.framework */,
			);
			name = Frameworks;
			sourceTree = "<group>";
		};
		AF37E90819ADC5C0000C6432 /* CExpandHeaderViewExample */ = {
			isa = PBXGroup;
			children = (
				AF37E91119ADC5C0000C6432 /* AppDelegate.h */,
				AF37E91219ADC5C0000C6432 /* AppDelegate.m */,
				AF37E91419ADC5C0000C6432 /* Main.storyboard */,
				AF37E91719ADC5C0000C6432 /* ViewController.h */,
				AF37E91819ADC5C0000C6432 /* ViewController.m */,
				AF10243A19AF1075006EBE11 /* ScrollTestViewController.h */,
				AF10243B19AF1076006EBE11 /* ScrollTestViewController.m */,
				AF10243D19AF1906006EBE11 /* CustomHeadViewController.h */,
				AF10243E19AF1906006EBE11 /* CustomHeadViewController.m */,
				AF37E91A19ADC5C0000C6432 /* Images.xcassets */,
				AF37E90919ADC5C0000C6432 /* Supporting Files */,
			);
			path = CExpandHeaderViewExample;
			sourceTree = "<group>";
		};
		AF37E90919ADC5C0000C6432 /* Supporting Files */ = {
			isa = PBXGroup;
			children = (
				AF37E90A19ADC5C0000C6432 /* CExpandHeaderViewExample-Info.plist */,
				AF37E90B19ADC5C0000C6432 /* InfoPlist.strings */,
				AF37E90E19ADC5C0000C6432 /* main.m */,
				AF37E91019ADC5C0000C6432 /* CExpandHeaderViewExample-Prefix.pch */,
			);
			name = "Supporting Files";
			sourceTree = "<group>";
		};
		AF37E92719ADC5C0000C6432 /* CExpandHeaderViewExampleTests */ = {
			isa = PBXGroup;
			children = (
				AF37E92D19ADC5C0000C6432 /* CExpandHeaderViewExampleTests.m */,
				AF37E92819ADC5C0000C6432 /* Supporting Files */,
			);
			path = CExpandHeaderViewExampleTests;
			sourceTree = "<group>";
		};
		AF37E92819ADC5C0000C6432 /* Supporting Files */ = {
			isa = PBXGroup;
			children = (
				AF37E92919ADC5C0000C6432 /* CExpandHeaderViewExampleTests-Info.plist */,
				AF37E92A19ADC5C0000C6432 /* InfoPlist.strings */,
			);
			name = "Supporting Files";
			sourceTree = "<group>";
		};
		AF37E93719ADC5E6000C6432 /* CExpandHeader */ = {
			isa = PBXGroup;
			children = (
				AF7DC65719ADE19F005C8B7B /* image.png */,
				AF37E93819ADC61B000C6432 /* CExpandHeader.h */,
				AF37E93919ADC61B000C6432 /* CExpandHeader.m */,
			);
			path = CExpandHeader;
			sourceTree = "<group>";
		};
/* End PBXGroup section */

/* Begin PBXNativeTarget section */
		AF37E8FE19ADC5C0000C6432 /* CExpandHeaderViewExample */ = {
			isa = PBXNativeTarget;
			buildConfigurationList = AF37E93119ADC5C0000C6432 /* Build configuration list for PBXNativeTarget "CExpandHeaderViewExample" */;
			buildPhases = (
				AF37E8FB19ADC5C0000C6432 /* Sources */,
				AF37E8FC19ADC5C0000C6432 /* Frameworks */,
				AF37E8FD19ADC5C0000C6432 /* Resources */,
			);
			buildRules = (
			);
			dependencies = (
			);
			name = CExpandHeaderViewExample;
			productName = CExpandHeaderViewExample;
			productReference = AF37E8FF19ADC5C0000C6432 /* CExpandHeaderViewExample.app */;
			productType = "com.apple.product-type.application";
		};
		AF37E91F19ADC5C0000C6432 /* CExpandHeaderViewExampleTests */ = {
			isa = PBXNativeTarget;
			buildConfigurationList = AF37E93419ADC5C0000C6432 /* Build configuration list for PBXNativeTarget "CExpandHeaderViewExampleTests" */;
			buildPhases = (
				AF37E91C19ADC5C0000C6432 /* Sources */,
				AF37E91D19ADC5C0000C6432 /* Frameworks */,
				AF37E91E19ADC5C0000C6432 /* Resources */,
			);
			buildRules = (
			);
			dependencies = (
				AF37E92619ADC5C0000C6432 /* PBXTargetDependency */,
			);
			name = CExpandHeaderViewExampleTests;
			productName = CExpandHeaderViewExampleTests;
			productReference = AF37E92019ADC5C0000C6432 /* CExpandHeaderViewExampleTests.xctest */;
			productType = "com.apple.product-type.bundle.unit-test";
		};
/* End PBXNativeTarget section */

/* Begin PBXProject section */
		AF37E8F719ADC5C0000C6432 /* Project object */ = {
			isa = PBXProject;
			attributes = {
				LastUpgradeCheck = 0510;
				ORGANIZATIONNAME = Mei_L;
				TargetAttributes = {
					AF37E91F19ADC5C0000C6432 = {
						TestTargetID = AF37E8FE19ADC5C0000C6432;
					};
				};
			};
			buildConfigurationList = AF37E8FA19ADC5C0000C6432 /* Build configuration list for PBXProject "CExpandHeaderViewExample" */;
			compatibilityVersion = "Xcode 3.2";
			developmentRegion = English;
			hasScannedForEncodings = 0;
			knownRegions = (
				en,
				Base,
			);
			mainGroup = AF37E8F619ADC5BF000C6432;
			productRefGroup = AF37E90019ADC5C0000C6432 /* Products */;
			projectDirPath = "";
			projectRoot = "";
			targets = (
				AF37E8FE19ADC5C0000C6432 /* CExpandHeaderViewExample */,
				AF37E91F19ADC5C0000C6432 /* CExpandHeaderViewExampleTests */,
			);
		};
/* End PBXProject section */

/* Begin PBXResourcesBuildPhase section */
		AF37E8FD19ADC5C0000C6432 /* Resources */ = {
			isa = PBXResourcesBuildPhase;
			buildActionMask = 2147483647;
			files = (
				AF37E91B19ADC5C0000C6432 /* Images.xcassets in Resources */,
				AF37E90D19ADC5C0000C6432 /* InfoPlist.strings in Resources */,
				AF37E91619ADC5C0000C6432 /* Main.storyboard in Resources */,
				AF7DC65819ADE19F005C8B7B /* image.png in Resources */,
			);
			runOnlyForDeploymentPostprocessing = 0;
		};
		AF37E91E19ADC5C0000C6432 /* Resources */ = {
			isa = PBXResourcesBuildPhase;
			buildActionMask = 2147483647;
			files = (
				AF37E92C19ADC5C0000C6432 /* InfoPlist.strings in Resources */,
			);
			runOnlyForDeploymentPostprocessing = 0;
		};
/* End PBXResourcesBuildPhase section */

/* Begin PBXSourcesBuildPhase section */
		AF37E8FB19ADC5C0000C6432 /* Sources */ = {
			isa = PBXSourcesBuildPhase;
			buildActionMask = 2147483647;
			files = (
				AF37E91919ADC5C0000C6432 /* ViewController.m in Sources */,
				AF37E91319ADC5C0000C6432 /* AppDelegate.m in Sources */,
				AF37E93A19ADC61B000C6432 /* CExpandHeader.m in Sources */,
				AF10243F19AF1906006EBE11 /* CustomHeadViewController.m in Sources */,
				AF37E90F19ADC5C0000C6432 /* main.m in Sources */,
				AF10243C19AF1076006EBE11 /* ScrollTestViewController.m in Sources */,
			);
			runOnlyForDeploymentPostprocessing = 0;
		};
		AF37E91C19ADC5C0000C6432 /* Sources */ = {
			isa = PBXSourcesBuildPhase;
			buildActionMask = 2147483647;
			files = (
				AF37E92E19ADC5C0000C6432 /* CExpandHeaderViewExampleTests.m in Sources */,
			);
			runOnlyForDeploymentPostprocessing = 0;
		};
/* End PBXSourcesBuildPhase section */

/* Begin PBXTargetDependency section */
		AF37E92619ADC5C0000C6432 /* PBXTargetDependency */ = {
			isa = PBXTargetDependency;
			target = AF37E8FE19ADC5C0000C6432 /* CExpandHeaderViewExample */;
			targetProxy = AF37E92519ADC5C0000C6432 /* PBXContainerItemProxy */;
		};
/* End PBXTargetDependency section */

/* Begin PBXVariantGroup section */
		AF37E90B19ADC5C0000C6432 /* InfoPlist.strings */ = {
			isa = PBXVariantGroup;
			children = (
				AF37E90C19ADC5C0000C6432 /* en */,
			);
			name = InfoPlist.strings;
			sourceTree = "<group>";
		};
		AF37E91419ADC5C0000C6432 /* Main.storyboard */ = {
			isa = PBXVariantGroup;
			children = (
				AF37E91519ADC5C0000C6432 /* Base */,
			);
			name = Main.storyboard;
			sourceTree = "<group>";
		};
		AF37E92A19ADC5C0000C6432 /* InfoPlist.strings */ = {
			isa = PBXVariantGroup;
			children = (
				AF37E92B19ADC5C0000C6432 /* en */,
			);
			name = InfoPlist.strings;
			sourceTree = "<group>";
		};
/* End PBXVariantGroup section */

/* Begin XCBuildConfiguration section */
		AF37E92F19ADC5C0000C6432 /* Debug */ = {
			isa = XCBuildConfiguration;
			buildSettings = {
				ALWAYS_SEARCH_USER_PATHS = NO;
				CLANG_CXX_LANGUAGE_STANDARD = "gnu++0x";
				CLANG_CXX_LIBRARY = "libc++";
				CLANG_ENABLE_MODULES = YES;
				CLANG_ENABLE_OBJC_ARC = YES;
				CLANG_WARN_BOOL_CONVERSION = YES;
				CLANG_WARN_CONSTANT_CONVERSION = YES;
				CLANG_WARN_DIRECT_OBJC_ISA_USAGE = YES_ERROR;
				CLANG_WARN_EMPTY_BODY = YES;
				CLANG_WARN_ENUM_CONVERSION = YES;
				CLANG_WARN_INT_CONVERSION = YES;
				CLANG_WARN_OBJC_ROOT_CLASS = YES_ERROR;
				CLANG_WARN__DUPLICATE_METHOD_MATCH = YES;
				"CODE_SIGN_IDENTITY[sdk=iphoneos*]" = "iPhone Developer";
				COPY_PHASE_STRIP = NO;
				GCC_C_LANGUAGE_STANDARD = gnu99;
				GCC_DYNAMIC_NO_PIC = NO;
				GCC_OPTIMIZATION_LEVEL = 0;
				GCC_PREPROCESSOR_DEFINITIONS = (
					"DEBUG=1",
					"$(inherited)",
				);
				GCC_SYMBOLS_PRIVATE_EXTERN = NO;
				GCC_WARN_64_TO_32_BIT_CONVERSION = YES;
				GCC_WARN_ABOUT_RETURN_TYPE = YES_ERROR;
				GCC_WARN_UNDECLARED_SELECTOR = YES;
				GCC_WARN_UNINITIALIZED_AUTOS = YES_AGGRESSIVE;
				GCC_WARN_UNUSED_FUNCTION = YES;
				GCC_WARN_UNUSED_VARIABLE = YES;
				IPHONEOS_DEPLOYMENT_TARGET = 7.1;
				ONLY_ACTIVE_ARCH = YES;
				SDKROOT = iphoneos;
			};
			name = Debug;
		};
		AF37E93019ADC5C0000C6432 /* Release */ = {
			isa = XCBuildConfiguration;
			buildSettings = {
				ALWAYS_SEARCH_USER_PATHS = NO;
				CLANG_CXX_LANGUAGE_STANDARD = "gnu++0x";
				CLANG_CXX_LIBRARY = "libc++";
				CLANG_ENABLE_MODULES = YES;
				CLANG_ENABLE_OBJC_ARC = YES;
				CLANG_WARN_BOOL_CONVERSION = YES;
				CLANG_WARN_CONSTANT_CONVERSION = YES;
				CLANG_WARN_DIRECT_OBJC_ISA_USAGE = YES_ERROR;
				CLANG_WARN_EMPTY_BODY = YES;
				CLANG_WARN_ENUM_CONVERSION = YES;
				CLANG_WARN_INT_CONVERSION = YES;
				CLANG_WARN_OBJC_ROOT_CLASS = YES_ERROR;
				CLANG_WARN__DUPLICATE_METHOD_MATCH = YES;
				"CODE_SIGN_IDENTITY[sdk=iphoneos*]" = "iPhone Developer";
				COPY_PHASE_STRIP = YES;
				ENABLE_NS_ASSERTIONS = NO;
				GCC_C_LANGUAGE_STANDARD = gnu99;
				GCC_WARN_64_TO_32_BIT_CONVERSION = YES;
				GCC_WARN_ABOUT_RETURN_TYPE = YES_ERROR;
				GCC_WARN_UNDECLARED_SELECTOR = YES;
				GCC_WARN_UNINITIALIZED_AUTOS = YES_AGGRESSIVE;
				GCC_WARN_UNUSED_FUNCTION = YES;
				GCC_WARN_UNUSED_VARIABLE = YES;
				IPHONEOS_DEPLOYMENT_TARGET = 7.1;
				SDKROOT = iphoneos;
				VALIDATE_PRODUCT = YES;
			};
			name = Release;
		};
		AF37E93219ADC5C0000C6432 /* Debug */ = {
			isa = XCBuildConfiguration;
			buildSettings = {
				ASSETCATALOG_COMPILER_APPICON_NAME = AppIcon;
				ASSETCATALOG_COMPILER_LAUNCHIMAGE_NAME = LaunchImage;
				GCC_PRECOMPILE_PREFIX_HEADER = YES;
				GCC_PREFIX_HEADER = "CExpandHeaderViewExample/CExpandHeaderViewExample-Prefix.pch";
				INFOPLIST_FILE = "CExpandHeaderViewExample/CExpandHeaderViewExample-Info.plist";
				IPHONEOS_DEPLOYMENT_TARGET = 7.1;
				PRODUCT_NAME = "$(TARGET_NAME)";
				WRAPPER_EXTENSION = app;
			};
			name = Debug;
		};
		AF37E93319ADC5C0000C6432 /* Release */ = {
			isa = XCBuildConfiguration;
			buildSettings = {
				ASSETCATALOG_COMPILER_APPICON_NAME = AppIcon;
				ASSETCATALOG_COMPILER_LAUNCHIMAGE_NAME = LaunchImage;
				GCC_PRECOMPILE_PREFIX_HEADER = YES;
				GCC_PREFIX_HEADER = "CExpandHeaderViewExample/CExpandHeaderViewExample-Prefix.pch";
				INFOPLIST_FILE = "CExpandHeaderViewExample/CExpandHeaderViewExample-Info.plist";
				IPHONEOS_DEPLOYMENT_TARGET = 7.1;
				PRODUCT_NAME = "$(TARGET_NAME)";
				WRAPPER_EXTENSION = app;
			};
			name = Release;
		};
		AF37E93519ADC5C0000C6432 /* Debug */ = {
			isa = XCBuildConfiguration;
			buildSettings = {
				BUNDLE_LOADER = "$(BUILT_PRODUCTS_DIR)/CExpandHeaderViewExample.app/CExpandHeaderViewExample";
				FRAMEWORK_SEARCH_PATHS = (
					"$(SDKROOT)/Developer/Library/Frameworks",
					"$(inherited)",
					"$(DEVELOPER_FRAMEWORKS_DIR)",
				);
				GCC_PRECOMPILE_PREFIX_HEADER = YES;
				GCC_PREFIX_HEADER = "CExpandHeaderViewExample/CExpandHeaderViewExample-Prefix.pch";
				GCC_PREPROCESSOR_DEFINITIONS = (
					"DEBUG=1",
					"$(inherited)",
				);
				INFOPLIST_FILE = "CExpandHeaderViewExampleTests/CExpandHeaderViewExampleTests-Info.plist";
				PRODUCT_NAME = "$(TARGET_NAME)";
				TEST_HOST = "$(BUNDLE_LOADER)";
				WRAPPER_EXTENSION = xctest;
			};
			name = Debug;
		};
		AF37E93619ADC5C0000C6432 /* Release */ = {
			isa = XCBuildConfiguration;
			buildSettings = {
				BUNDLE_LOADER = "$(BUILT_PRODUCTS_DIR)/CExpandHeaderViewExample.app/CExpandHeaderViewExample";
				FRAMEWORK_SEARCH_PATHS = (
					"$(SDKROOT)/Developer/Library/Frameworks",
					"$(inherited)",
					"$(DEVELOPER_FRAMEWORKS_DIR)",
				);
				GCC_PRECOMPILE_PREFIX_HEADER = YES;
				GCC_PREFIX_HEADER = "CExpandHeaderViewExample/CExpandHeaderViewExample-Prefix.pch";
				INFOPLIST_FILE = "CExpandHeaderViewExampleTests/CExpandHeaderViewExampleTests-Info.plist";
				PRODUCT_NAME = "$(TARGET_NAME)";
				TEST_HOST = "$(BUNDLE_LOADER)";
				WRAPPER_EXTENSION = xctest;
			};
			name = Release;
		};
/* End XCBuildConfiguration section */

/* Begin XCConfigurationList section */
		AF37E8FA19ADC5C0000C6432 /* Build configuration list for PBXProject "CExpandHeaderViewExample" */ = {
			isa = XCConfigurationList;
			buildConfigurations = (
				AF37E92F19ADC5C0000C6432 /* Debug */,
				AF37E93019ADC5C0000C6432 /* Release */,
			);
			defaultConfigurationIsVisible = 0;
			defaultConfigurationName = Release;
		};
		AF37E93119ADC5C0000C6432 /* Build configuration list for PBXNativeTarget "CExpandHeaderViewExample" */ = {
			isa = XCConfigurationList;
			buildConfigurations = (
				AF37E93219ADC5C0000C6432 /* Debug */,
				AF37E93319ADC5C0000C6432 /* Release */,
			);
			defaultConfigurationIsVisible = 0;
			defaultConfigurationName = Release;
		};
		AF37E93419ADC5C0000C6432 /* Build configuration list for PBXNativeTarget "CExpandHeaderViewExampleTests" */ = {
			isa = XCConfigurationList;
			buildConfigurations = (
				AF37E93519ADC5C0000C6432 /* Debug */,
				AF37E93619ADC5C0000C6432 /* Release */,
			);
			defaultConfigurationIsVisible = 0;
			defaultConfigurationName = Release;
		};
/* End XCConfigurationList section */
	};
	rootObject = AF37E8F719ADC5C0000C6432 /* Project object */;
}
